// !$*UTF8*$!
{
	archiveVersion = 1;
	classes = {
	};
	objectVersion = 56;
	objects = {

/* Begin PBXBuildFile section */
		89D47F7B29E8286200F1B7FA /* BabyCryDetectorApp.swift in Sources */ = {isa = PBXBuildFile; fileRef = 89D47F7A29E8286200F1B7FA /* BabyCryDetectorApp.swift */; };
		89D47F7D29E8286200F1B7FA /* ContentView.swift in Sources */ = {isa = PBXBuildFile; fileRef = 89D47F7C29E8286200F1B7FA /* ContentView.swift */; };
		89D47F7F29E8286300F1B7FA /* Assets.xcassets in Resources */ = {isa = PBXBuildFile; fileRef = 89D47F7E29E8286300F1B7FA /* Assets.xcassets */; };
		89D47F8229E8286300F1B7FA /* Preview Assets.xcassets in Resources */ = {isa = PBXBuildFile; fileRef = 89D47F8129E8286300F1B7FA /* Preview Assets.xcassets */; };
		89D47F8C29E8286300F1B7FA /* BabyCryDetectorTests.swift in Sources */ = {isa = PBXBuildFile; fileRef = 89D47F8B29E8286300F1B7FA /* BabyCryDetectorTests.swift */; };
		89D47F9629E8286300F1B7FA /* BabyCryDetectorUITests.swift in Sources */ = {isa = PBXBuildFile; fileRef = 89D47F9529E8286300F1B7FA /* BabyCryDetectorUITests.swift */; };
		89D47F9829E8286300F1B7FA /* BabyCryDetectorUITestsLaunchTests.swift in Sources */ = {isa = PBXBuildFile; fileRef = 89D47F9729E8286300F1B7FA /* BabyCryDetectorUITestsLaunchTests.swift */; };
/* End PBXBuildFile section */

/* Begin PBXContainerItemProxy section */
		89D47F8829E8286300F1B7FA /* PBXContainerItemProxy */ = {
			isa = PBXContainerItemProxy;
			containerPortal = 89D47F6F29E8286100F1B7FA /* Project object */;
			proxyType = 1;
			remoteGlobalIDString = 89D47F7629E8286200F1B7FA;
			remoteInfo = BabyCryDetector;
		};
		89D47F9229E8286300F1B7FA /* PBXContainerItemProxy */ = {
			isa = PBXContainerItemProxy;
			containerPortal = 89D47F6F29E8286100F1B7FA /* Project object */;
			proxyType = 1;
			remoteGlobalIDString = 89D47F7629E8286200F1B7FA;
			remoteInfo = BabyCryDetector;
		};
/* End PBXContainerItemProxy section */

/* Begin PBXFileReference section */
		89D47F7729E8286200F1B7FA /* BabyCryDetector.app */ = {isa = PBXFileReference; explicitFileType = wrapper.application; includeInIndex = 0; path = BabyCryDetector.app; sourceTree = BUILT_PRODUCTS_DIR; };
		89D47F7A29E8286200F1B7FA /* BabyCryDetectorApp.swift */ = {isa = PBXFileReference; lastKnownFileType = sourcecode.swift; path = BabyCryDetectorApp.swift; sourceTree = "<group>"; };
		89D47F7C29E8286200F1B7FA /* ContentView.swift */ = {isa = PBXFileReference; lastKnownFileType = sourcecode.swift; path = ContentView.swift; sourceTree = "<group>"; };
		89D47F7E29E8286300F1B7FA /* Assets.xcassets */ = {isa = PBXFileReference; lastKnownFileType = folder.assetcatalog; path = Assets.xcassets; sourceTree = "<group>"; };
		89D47F8129E8286300F1B7FA /* Preview Assets.xcassets */ = {isa = PBXFileReference; lastKnownFileType = folder.assetcatalog; path = "Preview Assets.xcassets"; sourceTree = "<group>"; };
		89D47F8729E8286300F1B7FA /* BabyCryDetectorTests.xctest */ = {isa = PBXFileReference; explicitFileType = wrapper.cfbundle; includeInIndex = 0; path = BabyCryDetectorTests.xctest; sourceTree = BUILT_PRODUCTS_DIR; };
		89D47F8B29E8286300F1B7FA /* BabyCryDetectorTests.swift */ = {isa = PBXFileReference; lastKnownFileType = sourcecode.swift; path = BabyCryDetectorTests.swift; sourceTree = "<group>"; };
		89D47F9129E8286300F1B7FA /* BabyCryDetectorUITests.xctest */ = {isa = PBXFileReference; explicitFileType = wrapper.cfbundle; includeInIndex = 0; path = BabyCryDetectorUITests.xctest; sourceTree = BUILT_PRODUCTS_DIR; };
		89D47F9529E8286300F1B7FA /* BabyCryDetectorUITests.swift */ = {isa = PBXFileReference; lastKnownFileType = sourcecode.swift; path = BabyCryDetectorUITests.swift; sourceTree = "<group>"; };
		89D47F9729E8286300F1B7FA /* BabyCryDetectorUITestsLaunchTests.swift */ = {isa = PBXFileReference; lastKnownFileType = sourcecode.swift; path = BabyCryDetectorUITestsLaunchTests.swift; sourceTree = "<group>"; };
/* End PBXFileReference section */

/* Begin PBXFrameworksBuildPhase section */
		89D47F7429E8286200F1B7FA /* Frameworks */ = {
			isa = PBXFrameworksBuildPhase;
			buildActionMask = 2147483647;
			files = (
			);
			runOnlyForDeploymentPostprocessing = 0;
		};
		89D47F8429E8286300F1B7FA /* Frameworks */ = {
			isa = PBXFrameworksBuildPhase;
			buildActionMask = 2147483647;
			files = (
			);
			runOnlyForDeploymentPostprocessing = 0;
		};
		89D47F8E29E8286300F1B7FA /* Frameworks */ = {
			isa = PBXFrameworksBuildPhase;
			buildActionMask = 2147483647;
			files = (
			);
			runOnlyForDeploymentPostprocessing = 0;
		};
/* End PBXFrameworksBuildPhase section */

/* Begin PBXGroup section */
		89D47F6E29E8286100F1B7FA = {
			isa = PBXGroup;
			children = (
				89D47F7929E8286200F1B7FA /* BabyCryDetector */,
				89D47F8A29E8286300F1B7FA /* BabyCryDetectorTests */,
				89D47F9429E8286300F1B7FA /* BabyCryDetectorUITests */,
				89D47F7829E8286200F1B7FA /* Products */,
			);
			sourceTree = "<group>";
		};
		89D47F7829E8286200F1B7FA /* Products */ = {
			isa = PBXGroup;
			children = (
				89D47F7729E8286200F1B7FA /* BabyCryDetector.app */,
				89D47F8729E8286300F1B7FA /* BabyCryDetectorTests.xctest */,
				89D47F9129E8286300F1B7FA /* BabyCryDetectorUITests.xctest */,
			);
			name = Products;
			sourceTree = "<group>";
		};
		89D47F7929E8286200F1B7FA /* BabyCryDetector */ = {
			isa = PBXGroup;
			children = (
				89D47F7A29E8286200F1B7FA /* BabyCryDetectorApp.swift */,
				89D47F7C29E8286200F1B7FA /* ContentView.swift */,
				89D47F7E29E8286300F1B7FA /* Assets.xcassets */,
				89D47F8029E8286300F1B7FA /* Preview Content */,
			);
			path = BabyCryDetector;
			sourceTree = "<group>";
		};
		89D47F8029E8286300F1B7FA /* Preview Content */ = {
			isa = PBXGroup;
			children = (
				89D47F8129E8286300F1B7FA /* Preview Assets.xcassets */,
			);
			path = "Preview Content";
			sourceTree = "<group>";
		};
		89D47F8A29E8286300F1B7FA /* BabyCryDetectorTests */ = {
			isa = PBXGroup;
			children = (
				89D47F8B29E8286300F1B7FA /* BabyCryDetectorTests.swift */,
			);
			path = BabyCryDetectorTests;
			sourceTree = "<group>";
		};
		89D47F9429E8286300F1B7FA /* BabyCryDetectorUITests */ = {
			isa = PBXGroup;
			children = (
				89D47F9529E8286300F1B7FA /* BabyCryDetectorUITests.swift */,
				89D47F9729E8286300F1B7FA /* BabyCryDetectorUITestsLaunchTests.swift */,
			);
			path = BabyCryDetectorUITests;
			sourceTree = "<group>";
		};
/* End PBXGroup section */

/* Begin PBXNativeTarget section */
		89D47F7629E8286200F1B7FA /* BabyCryDetector */ = {
			isa = PBXNativeTarget;
			buildConfigurationList = 89D47F9B29E8286300F1B7FA /* Build configuration list for PBXNativeTarget "BabyCryDetector" */;
			buildPhases = (
				89D47F7329E8286200F1B7FA /* Sources */,
				89D47F7429E8286200F1B7FA /* Frameworks */,
				89D47F7529E8286200F1B7FA /* Resources */,
			);
			buildRules = (
			);
			dependencies = (
			);
			name = BabyCryDetector;
			productName = BabyCryDetector;
			productReference = 89D47F7729E8286200F1B7FA /* BabyCryDetector.app */;
			productType = "com.apple.product-type.application";
		};
		89D47F8629E8286300F1B7FA /* BabyCryDetectorTests */ = {
			isa = PBXNativeTarget;
			buildConfigurationList = 89D47F9E29E8286300F1B7FA /* Build configuration list for PBXNativeTarget "BabyCryDetectorTests" */;
			buildPhases = (
				89D47F8329E8286300F1B7FA /* Sources */,
				89D47F8429E8286300F1B7FA /* Frameworks */,
				89D47F8529E8286300F1B7FA /* Resources */,
			);
			buildRules = (
			);
			dependencies = (
				89D47F8929E8286300F1B7FA /* PBXTargetDependency */,
			);
			name = BabyCryDetectorTests;
			productName = BabyCryDetectorTests;
			productReference = 89D47F8729E8286300F1B7FA /* BabyCryDetectorTests.xctest */;
			productType = "com.apple.product-type.bundle.unit-test";
		};
		89D47F9029E8286300F1B7FA /* BabyCryDetectorUITests */ = {
			isa = PBXNativeTarget;
			buildConfigurationList = 89D47FA129E8286300F1B7FA /* Build configuration list for PBXNativeTarget "BabyCryDetectorUITests" */;
			buildPhases = (
				89D47F8D29E8286300F1B7FA /* Sources */,
				89D47F8E29E8286300F1B7FA /* Frameworks */,
				89D47F8F29E8286300F1B7FA /* Resources */,
			);
			buildRules = (
			);
			dependencies = (
				89D47F9329E8286300F1B7FA /* PBXTargetDependency */,
			);
			name = BabyCryDetectorUITests;
			productName = BabyCryDetectorUITests;
			productReference = 89D47F9129E8286300F1B7FA /* BabyCryDetectorUITests.xctest */;
			productType = "com.apple.product-type.bundle.ui-testing";
		};
/* End PBXNativeTarget section */

/* Begin PBXProject section */
		89D47F6F29E8286100F1B7FA /* Project object */ = {
			isa = PBXProject;
			attributes = {
				BuildIndependentTargetsInParallel = 1;
				LastSwiftUpdateCheck = 1420;
				LastUpgradeCheck = 1420;
				TargetAttributes = {
					89D47F7629E8286200F1B7FA = {
						CreatedOnToolsVersion = 14.2;
					};
					89D47F8629E8286300F1B7FA = {
						CreatedOnToolsVersion = 14.2;
						TestTargetID = 89D47F7629E8286200F1B7FA;
					};
					89D47F9029E8286300F1B7FA = {
						CreatedOnToolsVersion = 14.2;
						TestTargetID = 89D47F7629E8286200F1B7FA;
					};
				};
			};
			buildConfigurationList = 89D47F7229E8286100F1B7FA /* Build configuration list for PBXProject "BabyCryDetector" */;
			compatibilityVersion = "Xcode 14.0";
			developmentRegion = en;
			hasScannedForEncodings = 0;
			knownRegions = (
				en,
				Base,
			);
			mainGroup = 89D47F6E29E8286100F1B7FA;
			productRefGroup = 89D47F7829E8286200F1B7FA /* Products */;
			projectDirPath = "";
			projectRoot = "";
			targets = (
				89D47F7629E8286200F1B7FA /* BabyCryDetector */,
				89D47F8629E8286300F1B7FA /* BabyCryDetectorTests */,
				89D47F9029E8286300F1B7FA /* BabyCryDetectorUITests */,
			);
		};
/* End PBXProject section */

/* Begin PBXResourcesBuildPhase section */
		89D47F7529E8286200F1B7FA /* Resources */ = {
			isa = PBXResourcesBuildPhase;
			buildActionMask = 2147483647;
			files = (
				89D47F8229E8286300F1B7FA /* Preview Assets.xcassets in Resources */,
				89D47F7F29E8286300F1B7FA /* Assets.xcassets in Resources */,
			);
			runOnlyForDeploymentPostprocessing = 0;
		};
		89D47F8529E8286300F1B7FA /* Resources */ = {
			isa = PBXResourcesBuildPhase;
			buildActionMask = 2147483647;
			files = (
			);
			runOnlyForDeploymentPostprocessing = 0;
		};
		89D47F8F29E8286300F1B7FA /* Resources */ = {
			isa = PBXResourcesBuildPhase;
			buildActionMask = 2147483647;
			files = (
			);
			runOnlyForDeploymentPostprocessing = 0;
		};
/* End PBXResourcesBuildPhase section */

/* Begin PBXSourcesBuildPhase section */
		89D47F7329E8286200F1B7FA /* Sources */ = {
			isa = PBXSourcesBuildPhase;
			buildActionMask = 2147483647;
			files = (
				89D47F7D29E8286200F1B7FA /* ContentView.swift in Sources */,
				89D47F7B29E8286200F1B7FA /* BabyCryDetectorApp.swift in Sources */,
			);
			runOnlyForDeploymentPostprocessing = 0;
		};
		89D47F8329E8286300F1B7FA /* Sources */ = {
			isa = PBXSourcesBuildPhase;
			buildActionMask = 2147483647;
			files = (
				89D47F8C29E8286300F1B7FA /* BabyCryDetectorTests.swift in Sources */,
			);
			runOnlyForDeploymentPostprocessing = 0;
		};
		89D47F8D29E8286300F1B7FA /* Sources */ = {
			isa = PBXSourcesBuildPhase;
			buildActionMask = 2147483647;
			files = (
				89D47F9629E8286300F1B7FA /* BabyCryDetectorUITests.swift in Sources */,
				89D47F9829E8286300F1B7FA /* BabyCryDetectorUITestsLaunchTests.swift in Sources */,
			);
			runOnlyForDeploymentPostprocessing = 0;
		};
/* End PBXSourcesBuildPhase section */

/* Begin PBXTargetDependency section */
		89D47F8929E8286300F1B7FA /* PBXTargetDependency */ = {
			isa = PBXTargetDependency;
			target = 89D47F7629E8286200F1B7FA /* BabyCryDetector */;
			targetProxy = 89D47F8829E8286300F1B7FA /* PBXContainerItemProxy */;
		};
		89D47F9329E8286300F1B7FA /* PBXTargetDependency */ = {
			isa = PBXTargetDependency;
			target = 89D47F7629E8286200F1B7FA /* BabyCryDetector */;
			targetProxy = 89D47F9229E8286300F1B7FA /* PBXContainerItemProxy */;
		};
/* End PBXTargetDependency section */

/* Begin XCBuildConfiguration section */
		89D47F9929E8286300F1B7FA /* Debug */ = {
			isa = XCBuildConfiguration;
			buildSettings = {
				ALWAYS_SEARCH_USER_PATHS = NO;
				CLANG_ANALYZER_NONNULL = YES;
				CLANG_ANALYZER_NUMBER_OBJECT_CONVERSION = YES_AGGRESSIVE;
				CLANG_CXX_LANGUAGE_STANDARD = "gnu++20";
				CLANG_ENABLE_MODULES = YES;
				CLANG_ENABLE_OBJC_ARC = YES;
				CLANG_ENABLE_OBJC_WEAK = YES;
				CLANG_WARN_BLOCK_CAPTURE_AUTORELEASING = YES;
				CLANG_WARN_BOOL_CONVERSION = YES;
				CLANG_WARN_COMMA = YES;
				CLANG_WARN_CONSTANT_CONVERSION = YES;
				CLANG_WARN_DEPRECATED_OBJC_IMPLEMENTATIONS = YES;
				CLANG_WARN_DIRECT_OBJC_ISA_USAGE = YES_ERROR;
				CLANG_WARN_DOCUMENTATION_COMMENTS = YES;
				CLANG_WARN_EMPTY_BODY = YES;
				CLANG_WARN_ENUM_CONVERSION = YES;
				CLANG_WARN_INFINITE_RECURSION = YES;
				CLANG_WARN_INT_CONVERSION = YES;
				CLANG_WARN_NON_LITERAL_NULL_CONVERSION = YES;
				CLANG_WARN_OBJC_IMPLICIT_RETAIN_SELF = YES;
				CLANG_WARN_OBJC_LITERAL_CONVERSION = YES;
				CLANG_WARN_OBJC_ROOT_CLASS = YES_ERROR;
				CLANG_WARN_QUOTED_INCLUDE_IN_FRAMEWORK_HEADER = YES;
				CLANG_WARN_RANGE_LOOP_ANALYSIS = YES;
				CLANG_WARN_STRICT_PROTOTYPES = YES;
				CLANG_WARN_SUSPICIOUS_MOVE = YES;
				CLANG_WARN_UNGUARDED_AVAILABILITY = YES_AGGRESSIVE;
				CLANG_WARN_UNREACHABLE_CODE = YES;
				CLANG_WARN__DUPLICATE_METHOD_MATCH = YES;
				COPY_PHASE_STRIP = NO;
				DEBUG_INFORMATION_FORMAT = dwarf;
				ENABLE_STRICT_OBJC_MSGSEND = YES;
				ENABLE_TESTABILITY = YES;
				GCC_C_LANGUAGE_STANDARD = gnu11;
				GCC_DYNAMIC_NO_PIC = NO;
				GCC_NO_COMMON_BLOCKS = YES;
				GCC_OPTIMIZATION_LEVEL = 0;
				GCC_PREPROCESSOR_DEFINITIONS = (
					"DEBUG=1",
					"$(inherited)",
				);
				GCC_WARN_64_TO_32_BIT_CONVERSION = YES;
				GCC_WARN_ABOUT_RETURN_TYPE = YES_ERROR;
				GCC_WARN_UNDECLARED_SELECTOR = YES;
				GCC_WARN_UNINITIALIZED_AUTOS = YES_AGGRESSIVE;
				GCC_WARN_UNUSED_FUNCTION = YES;
				GCC_WARN_UNUSED_VARIABLE = YES;
				IPHONEOS_DEPLOYMENT_TARGET = 16.2;
				MTL_ENABLE_DEBUG_INFO = INCLUDE_SOURCE;
				MTL_FAST_MATH = YES;
				ONLY_ACTIVE_ARCH = YES;
				SDKROOT = iphoneos;
				SWIFT_ACTIVE_COMPILATION_CONDITIONS = DEBUG;
				SWIFT_OPTIMIZATION_LEVEL = "-Onone";
			};
			name = Debug;
		};
		89D47F9A29E8286300F1B7FA /* Release */ = {
			isa = XCBuildConfiguration;
			buildSettings = {
				ALWAYS_SEARCH_USER_PATHS = NO;
				CLANG_ANALYZER_NONNULL = YES;
				CLANG_ANALYZER_NUMBER_OBJECT_CONVERSION = YES_AGGRESSIVE;
				CLANG_CXX_LANGUAGE_STANDARD = "gnu++20";
				CLANG_ENABLE_MODULES = YES;
				CLANG_ENABLE_OBJC_ARC = YES;
				CLANG_ENABLE_OBJC_WEAK = YES;
				CLANG_WARN_BLOCK_CAPTURE_AUTORELEASING = YES;
				CLANG_WARN_BOOL_CONVERSION = YES;
				CLANG_WARN_COMMA = YES;
				CLANG_WARN_CONSTANT_CONVERSION = YES;
				CLANG_WARN_DEPRECATED_OBJC_IMPLEMENTATIONS = YES;
				CLANG_WARN_DIRECT_OBJC_ISA_USAGE = YES_ERROR;
				CLANG_WARN_DOCUMENTATION_COMMENTS = YES;
				CLANG_WARN_EMPTY_BODY = YES;
				CLANG_WARN_ENUM_CONVERSION = YES;
				CLANG_WARN_INFINITE_RECURSION = YES;
				CLANG_WARN_INT_CONVERSION = YES;
				CLANG_WARN_NON_LITERAL_NULL_CONVERSION = YES;
				CLANG_WARN_OBJC_IMPLICIT_RETAIN_SELF = YES;
				CLANG_WARN_OBJC_LITERAL_CONVERSION = YES;
				CLANG_WARN_OBJC_ROOT_CLASS = YES_ERROR;
				CLANG_WARN_QUOTED_INCLUDE_IN_FRAMEWORK_HEADER = YES;
				CLANG_WARN_RANGE_LOOP_ANALYSIS = YES;
				CLANG_WARN_STRICT_PROTOTYPES = YES;
				CLANG_WARN_SUSPICIOUS_MOVE = YES;
				CLANG_WARN_UNGUARDED_AVAILABILITY = YES_AGGRESSIVE;
				CLANG_WARN_UNREACHABLE_CODE = YES;
				CLANG_WARN__DUPLICATE_METHOD_MATCH = YES;
				COPY_PHASE_STRIP = NO;
				DEBUG_INFORMATION_FORMAT = "dwarf-with-dsym";
				ENABLE_NS_ASSERTIONS = NO;
				ENABLE_STRICT_OBJC_MSGSEND = YES;
				GCC_C_LANGUAGE_STANDARD = gnu11;
				GCC_NO_COMMON_BLOCKS = YES;
				GCC_WARN_64_TO_32_BIT_CONVERSION = YES;
				GCC_WARN_ABOUT_RETURN_TYPE = YES_ERROR;
				GCC_WARN_UNDECLARED_SELECTOR = YES;
				GCC_WARN_UNINITIALIZED_AUTOS = YES_AGGRESSIVE;
				GCC_WARN_UNUSED_FUNCTION = YES;
				GCC_WARN_UNUSED_VARIABLE = YES;
				IPHONEOS_DEPLOYMENT_TARGET = 16.2;
				MTL_ENABLE_DEBUG_INFO = NO;
				MTL_FAST_MATH = YES;
				SDKROOT = iphoneos;
				SWIFT_COMPILATION_MODE = wholemodule;
				SWIFT_OPTIMIZATION_LEVEL = "-O";
				VALIDATE_PRODUCT = YES;
			};
			name = Release;
		};
		89D47F9C29E8286300F1B7FA /* Debug */ = {
			isa = XCBuildConfiguration;
			buildSettings = {
				ASSETCATALOG_COMPILER_APPICON_NAME = AppIcon;
				ASSETCATALOG_COMPILER_GLOBAL_ACCENT_COLOR_NAME = AccentColor;
				CODE_SIGN_STYLE = Automatic;
				CURRENT_PROJECT_VERSION = 1;
				DEVELOPMENT_ASSET_PATHS = "\"BabyCryDetector/Preview Content\"";
				ENABLE_PREVIEWS = YES;
				GENERATE_INFOPLIST_FILE = YES;
				INFOPLIST_KEY_UIApplicationSceneManifest_Generation = YES;
				INFOPLIST_KEY_UIApplicationSupportsIndirectInputEvents = YES;
				INFOPLIST_KEY_UILaunchScreen_Generation = YES;
				INFOPLIST_KEY_UISupportedInterfaceOrientations_iPad = "UIInterfaceOrientationPortrait UIInterfaceOrientationPortraitUpsideDown UIInterfaceOrientationLandscapeLeft UIInterfaceOrientationLandscapeRight";
				INFOPLIST_KEY_UISupportedInterfaceOrientations_iPhone = "UIInterfaceOrientationPortrait UIInterfaceOrientationLandscapeLeft UIInterfaceOrientationLandscapeRight";
				LD_RUNPATH_SEARCH_PATHS = (
					"$(inherited)",
					"@executable_path/Frameworks",
				);
				MARKETING_VERSION = 1.0;
				PRODUCT_BUNDLE_IDENTIFIER = adipadi.BabyCryDetector;
				PRODUCT_NAME = "$(TARGET_NAME)";
				SWIFT_EMIT_LOC_STRINGS = YES;
				SWIFT_VERSION = 5.0;
				TARGETED_DEVICE_FAMILY = "1,2";
			};
			name = Debug;
		};
		89D47F9D29E8286300F1B7FA /* Release */ = {
			isa = XCBuildConfiguration;
			buildSettings = {
				ASSETCATALOG_COMPILER_APPICON_NAME = AppIcon;
				ASSETCATALOG_COMPILER_GLOBAL_ACCENT_COLOR_NAME = AccentColor;
				CODE_SIGN_STYLE = Automatic;
				CURRENT_PROJECT_VERSION = 1;
				DEVELOPMENT_ASSET_PATHS = "\"BabyCryDetector/Preview Content\"";
				ENABLE_PREVIEWS = YES;
				GENERATE_INFOPLIST_FILE = YES;
				INFOPLIST_KEY_UIApplicationSceneManifest_Generation = YES;
				INFOPLIST_KEY_UIApplicationSupportsIndirectInputEvents = YES;
				INFOPLIST_KEY_UILaunchScreen_Generation = YES;
				INFOPLIST_KEY_UISupportedInterfaceOrientations_iPad = "UIInterfaceOrientationPortrait UIInterfaceOrientationPortraitUpsideDown UIInterfaceOrientationLandscapeLeft UIInterfaceOrientationLandscapeRight";
				INFOPLIST_KEY_UISupportedInterfaceOrientations_iPhone = "UIInterfaceOrientationPortrait UIInterfaceOrientationLandscapeLeft UIInterfaceOrientationLandscapeRight";
				LD_RUNPATH_SEARCH_PATHS = (
					"$(inherited)",
					"@executable_path/Frameworks",
				);
				MARKETING_VERSION = 1.0;
				PRODUCT_BUNDLE_IDENTIFIER = adipadi.BabyCryDetector;
				PRODUCT_NAME = "$(TARGET_NAME)";
				SWIFT_EMIT_LOC_STRINGS = YES;
				SWIFT_VERSION = 5.0;
				TARGETED_DEVICE_FAMILY = "1,2";
			};
			name = Release;
		};
		89D47F9F29E8286300F1B7FA /* Debug */ = {
			isa = XCBuildConfiguration;
			buildSettings = {
				ALWAYS_EMBED_SWIFT_STANDARD_LIBRARIES = YES;
				BUNDLE_LOADER = "$(TEST_HOST)";
				CODE_SIGN_STYLE = Automatic;
				CURRENT_PROJECT_VERSION = 1;
				GENERATE_INFOPLIST_FILE = YES;
				IPHONEOS_DEPLOYMENT_TARGET = 16.2;
				MARKETING_VERSION = 1.0;
				PRODUCT_BUNDLE_IDENTIFIER = adipadi.BabyCryDetectorTests;
				PRODUCT_NAME = "$(TARGET_NAME)";
				SWIFT_EMIT_LOC_STRINGS = NO;
				SWIFT_VERSION = 5.0;
				TARGETED_DEVICE_FAMILY = "1,2";
				TEST_HOST = "$(BUILT_PRODUCTS_DIR)/BabyCryDetector.app/$(BUNDLE_EXECUTABLE_FOLDER_PATH)/BabyCryDetector";
			};
			name = Debug;
		};
		89D47FA029E8286300F1B7FA /* Release */ = {
			isa = XCBuildConfiguration;
			buildSettings = {
				ALWAYS_EMBED_SWIFT_STANDARD_LIBRARIES = YES;
				BUNDLE_LOADER = "$(TEST_HOST)";
				CODE_SIGN_STYLE = Automatic;
				CURRENT_PROJECT_VERSION = 1;
				GENERATE_INFOPLIST_FILE = YES;
				IPHONEOS_DEPLOYMENT_TARGET = 16.2;
				MARKETING_VERSION = 1.0;
				PRODUCT_BUNDLE_IDENTIFIER = adipadi.BabyCryDetectorTests;
				PRODUCT_NAME = "$(TARGET_NAME)";
				SWIFT_EMIT_LOC_STRINGS = NO;
				SWIFT_VERSION = 5.0;
				TARGETED_DEVICE_FAMILY = "1,2";
				TEST_HOST = "$(BUILT_PRODUCTS_DIR)/BabyCryDetector.app/$(BUNDLE_EXECUTABLE_FOLDER_PATH)/BabyCryDetector";
			};
			name = Release;
		};
		89D47FA229E8286300F1B7FA /* Debug */ = {
			isa = XCBuildConfiguration;
			buildSettings = {
				ALWAYS_EMBED_SWIFT_STANDARD_LIBRARIES = YES;
				CODE_SIGN_STYLE = Automatic;
				CURRENT_PROJECT_VERSION = 1;
				GENERATE_INFOPLIST_FILE = YES;
				MARKETING_VERSION = 1.0;
				PRODUCT_BUNDLE_IDENTIFIER = adipadi.BabyCryDetectorUITests;
				PRODUCT_NAME = "$(TARGET_NAME)";
				SWIFT_EMIT_LOC_STRINGS = NO;
				SWIFT_VERSION = 5.0;
				TARGETED_DEVICE_FAMILY = "1,2";
				TEST_TARGET_NAME = BabyCryDetector;
			};
			name = Debug;
		};
		89D47FA329E8286300F1B7FA /* Release */ = {
			isa = XCBuildConfiguration;
			buildSettings = {
				ALWAYS_EMBED_SWIFT_STANDARD_LIBRARIES = YES;
				CODE_SIGN_STYLE = Automatic;
				CURRENT_PROJECT_VERSION = 1;
				GENERATE_INFOPLIST_FILE = YES;
				MARKETING_VERSION = 1.0;
				PRODUCT_BUNDLE_IDENTIFIER = adipadi.BabyCryDetectorUITests;
				PRODUCT_NAME = "$(TARGET_NAME)";
				SWIFT_EMIT_LOC_STRINGS = NO;
				SWIFT_VERSION = 5.0;
				TARGETED_DEVICE_FAMILY = "1,2";
				TEST_TARGET_NAME = BabyCryDetector;
			};
			name = Release;
		};
/* End XCBuildConfiguration section */

/* Begin XCConfigurationList section */
		89D47F7229E8286100F1B7FA /* Build configuration list for PBXProject "BabyCryDetector" */ = {
			isa = XCConfigurationList;
			buildConfigurations = (
				89D47F9929E8286300F1B7FA /* Debug */,
				89D47F9A29E8286300F1B7FA /* Release */,
			);
			defaultConfigurationIsVisible = 0;
			defaultConfigurationName = Release;
		};
		89D47F9B29E8286300F1B7FA /* Build configuration list for PBXNativeTarget "BabyCryDetector" */ = {
			isa = XCConfigurationList;
			buildConfigurations = (
				89D47F9C29E8286300F1B7FA /* Debug */,
				89D47F9D29E8286300F1B7FA /* Release */,
			);
			defaultConfigurationIsVisible = 0;
			defaultConfigurationName = Release;
		};
		89D47F9E29E8286300F1B7FA /* Build configuration list for PBXNativeTarget "BabyCryDetectorTests" */ = {
			isa = XCConfigurationList;
			buildConfigurations = (
				89D47F9F29E8286300F1B7FA /* Debug */,
				89D47FA029E8286300F1B7FA /* Release */,
			);
			defaultConfigurationIsVisible = 0;
			defaultConfigurationName = Release;
		};
		89D47FA129E8286300F1B7FA /* Build configuration list for PBXNativeTarget "BabyCryDetectorUITests" */ = {
			isa = XCConfigurationList;
			buildConfigurations = (
				89D47FA229E8286300F1B7FA /* Debug */,
				89D47FA329E8286300F1B7FA /* Release */,
			);
			defaultConfigurationIsVisible = 0;
			defaultConfigurationName = Release;
		};
/* End XCConfigurationList section */
	};
	rootObject = 89D47F6F29E8286100F1B7FA /* Project object */;
}
